
Microsoft Visual Studio Solution File, Format Version 12.00
# Visual Studio 15
VisualStudioVersion = 15.0.26124.0
MinimumVisualStudioVersion = 15.0.26124.0
Project("{FAE04EC0-301F-11D3-BF4B-00C04F79EFBC}") = "Todo.Domain", "Todo.Domain\Todo.Domain.csproj", "{31926F68-9394-47B0-9D21-32F3D4DA6139}"
EndProject
Project("{FAE04EC0-301F-11D3-BF4B-00C04F79EFBC}") = "Todo.Domain.Api", "Todo.Domain.Api\Todo.Domain.Api.csproj", "{8F3AA3EC-B159-4AA3-B0C9-D989F4DAEE8B}"
EndProject
Project("{FAE04EC0-301F-11D3-BF4B-00C04F79EFBC}") = "Todo.Domain.Tests", "Todo.Domain.Tests\Todo.Domain.Tests.csproj", "{BBBC2340-78D6-4E0B-A032-626332042EA1}"
EndProject
Project("{FAE04EC0-301F-11D3-BF4B-00C04F79EFBC}") = "Todo.Domain.Infra", "Todo.Domain.Infra\Todo.Domain.Infra.csproj", "{FA3D500D-CEAC-4114-85E0-C8983729AC2B}"
EndProject
Global
	GlobalSection(SolutionConfigurationPlatforms) = preSolution
		Debug|Any CPU = Debug|Any CPU
		Debug|x64 = Debug|x64
		Debug|x86 = Debug|x86
		Release|Any CPU = Release|Any CPU
		Release|x64 = Release|x64
		Release|x86 = Release|x86
	EndGlobalSection
	GlobalSection(SolutionProperties) = preSolution
		HideSolutionNode = FALSE
	EndGlobalSection
	GlobalSection(ProjectConfigurationPlatforms) = postSolution
		{31926F68-9394-47B0-9D21-32F3D4DA6139}.Debug|Any CPU.ActiveCfg = Debug|Any CPU
		{31926F68-9394-47B0-9D21-32F3D4DA6139}.Debug|Any CPU.Build.0 = Debug|Any CPU
		{31926F68-9394-47B0-9D21-32F3D4DA6139}.Debug|x64.ActiveCfg = Debug|Any CPU
		{31926F68-9394-47B0-9D21-32F3D4DA6139}.Debug|x64.Build.0 = Debug|Any CPU
		{31926F68-9394-47B0-9D21-32F3D4DA6139}.Debug|x86.ActiveCfg = Debug|Any CPU
		{31926F68-9394-47B0-9D21-32F3D4DA6139}.Debug|x86.Build.0 = Debug|Any CPU
		{31926F68-9394-47B0-9D21-32F3D4DA6139}.Release|Any CPU.ActiveCfg = Release|Any CPU
		{31926F68-9394-47B0-9D21-32F3D4DA6139}.Release|Any CPU.Build.0 = Release|Any CPU
		{31926F68-9394-47B0-9D21-32F3D4DA6139}.Release|x64.ActiveCfg = Release|Any CPU
		{31926F68-9394-47B0-9D21-32F3D4DA6139}.Release|x64.Build.0 = Release|Any CPU
		{31926F68-9394-47B0-9D21-32F3D4DA6139}.Release|x86.ActiveCfg = Release|Any CPU
		{31926F68-9394-47B0-9D21-32F3D4DA6139}.Release|x86.Build.0 = Release|Any CPU
		{8F3AA3EC-B159-4AA3-B0C9-D989F4DAEE8B}.Debug|Any CPU.ActiveCfg = Debug|Any CPU
		{8F3AA3EC-B159-4AA3-B0C9-D989F4DAEE8B}.Debug|Any CPU.Build.0 = Debug|Any CPU
		{8F3AA3EC-B159-4AA3-B0C9-D989F4DAEE8B}.Debug|x64.ActiveCfg = Debug|Any CPU
		{8F3AA3EC-B159-4AA3-B0C9-D989F4DAEE8B}.Debug|x64.Build.0 = Debug|Any CPU
		{8F3AA3EC-B159-4AA3-B0C9-D989F4DAEE8B}.Debug|x86.ActiveCfg = Debug|Any CPU
		{8F3AA3EC-B159-4AA3-B0C9-D989F4DAEE8B}.Debug|x86.Build.0 = Debug|Any CPU
		{8F3AA3EC-B159-4AA3-B0C9-D989F4DAEE8B}.Release|Any CPU.ActiveCfg = Release|Any CPU
		{8F3AA3EC-B159-4AA3-B0C9-D989F4DAEE8B}.Release|Any CPU.Build.0 = Release|Any CPU
		{8F3AA3EC-B159-4AA3-B0C9-D989F4DAEE8B}.Release|x64.ActiveCfg = Release|Any CPU
		{8F3AA3EC-B159-4AA3-B0C9-D989F4DAEE8B}.Release|x64.Build.0 = Release|Any CPU
		{8F3AA3EC-B159-4AA3-B0C9-D989F4DAEE8B}.Release|x86.ActiveCfg = Release|Any CPU
		{8F3AA3EC-B159-4AA3-B0C9-D989F4DAEE8B}.Release|x86.Build.0 = Release|Any CPU
		{BBBC2340-78D6-4E0B-A032-626332042EA1}.Debug|Any CPU.ActiveCfg = Debug|Any CPU
		{BBBC2340-78D6-4E0B-A032-626332042EA1}.Debug|Any CPU.Build.0 = Debug|Any CPU
		{BBBC2340-78D6-4E0B-A032-626332042EA1}.Debug|x64.ActiveCfg = Debug|Any CPU
		{BBBC2340-78D6-4E0B-A032-626332042EA1}.Debug|x64.Build.0 = Debug|Any CPU
		{BBBC2340-78D6-4E0B-A032-626332042EA1}.Debug|x86.ActiveCfg = Debug|Any CPU
		{BBBC2340-78D6-4E0B-A032-626332042EA1}.Debug|x86.Build.0 = Debug|Any CPU
		{BBBC2340-78D6-4E0B-A032-626332042EA1}.Release|Any CPU.ActiveCfg = Release|Any CPU
		{BBBC2340-78D6-4E0B-A032-626332042EA1}.Release|Any CPU.Build.0 = Release|Any CPU
		{BBBC2340-78D6-4E0B-A032-626332042EA1}.Release|x64.ActiveCfg = Release|Any CPU
		{BBBC2340-78D6-4E0B-A032-626332042EA1}.Release|x64.Build.0 = Release|Any CPU
		{BBBC2340-78D6-4E0B-A032-626332042EA1}.Release|x86.ActiveCfg = Release|Any CPU
		{BBBC2340-78D6-4E0B-A032-626332042EA1}.Release|x86.Build.0 = Release|Any CPU
		{FA3D500D-CEAC-4114-85E0-C8983729AC2B}.Debug|Any CPU.ActiveCfg = Debug|Any CPU
		{FA3D500D-CEAC-4114-85E0-C8983729AC2B}.Debug|Any CPU.Build.0 = Debug|Any CPU
		{FA3D500D-CEAC-4114-85E0-C8983729AC2B}.Debug|x64.ActiveCfg = Debug|Any CPU
		{FA3D500D-CEAC-4114-85E0-C8983729AC2B}.Debug|x64.Build.0 = Debug|Any CPU
		{FA3D500D-CEAC-4114-85E0-C8983729AC2B}.Debug|x86.ActiveCfg = Debug|Any CPU
		{FA3D500D-CEAC-4114-85E0-C8983729AC2B}.Debug|x86.Build.0 = Debug|Any CPU
		{FA3D500D-CEAC-4114-85E0-C8983729AC2B}.Release|Any CPU.ActiveCfg = Release|Any CPU
		{FA3D500D-CEAC-4114-85E0-C8983729AC2B}.Release|Any CPU.Build.0 = Release|Any CPU
		{FA3D500D-CEAC-4114-85E0-C8983729AC2B}.Release|x64.ActiveCfg = Release|Any CPU
		{FA3D500D-CEAC-4114-85E0-C8983729AC2B}.Release|x64.Build.0 = Release|Any CPU
		{FA3D500D-CEAC-4114-85E0-C8983729AC2B}.Release|x86.ActiveCfg = Release|Any CPU
		{FA3D500D-CEAC-4114-85E0-C8983729AC2B}.Release|x86.Build.0 = Release|Any CPU
	EndGlobalSection
EndGlobal
